
Microsoft Visual Studio Solution File, Format Version 12.00
# Visual Studio Version 17
VisualStudioVersion = 17.3.32811.315
MinimumVisualStudioVersion = 10.0.40219.1
Project("{8BC9CEB8-8B4A-11D0-8D11-00A0C91BC942}") = "Zadanie1_funkcje", "Zadanie1_funkcje\Zadanie1_funkcje.vcxproj", "{EA170948-96C9-4BDB-BCC7-E5EA5D1110EF}"
EndProject
Project("{2150E333-8FDC-42A3-9474-1A3956D46DE8}") = "Solution Items", "Solution Items", "{F41E1E33-7972-4344-880A-ED1745FCD1C5}"
	ProjectSection(SolutionItems) = preProject
		TRESCzadan.txt = TRESCzadan.txt
	EndProjectSection
EndProject
Project("{8BC9CEB8-8B4A-11D0-8D11-00A0C91BC942}") = "Zadanie3_StringConverter", "Zadanie3_StringConverter\Zadanie3_StringConverter.vcxproj", "{055208F7-925A-4526-AC35-5A780FC45DBE}"
EndProject
Project("{8BC9CEB8-8B4A-11D0-8D11-00A0C91BC942}") = "Zadanie4_MorseCodeTranslator", "Zadanie4_MorseCodeTranslator\Zadanie4_MorseCodeTranslator.vcxproj", "{A2E1B095-7AF0-42C7-B8E1-B603F0433E64}"
EndProject
Project("{8BC9CEB8-8B4A-11D0-8D11-00A0C91BC942}") = "Zadanie5_StringCensor", "Zadanie5_StringCensor\Zadanie5_StringCensor.vcxproj", "{97B7D238-6472-41E3-87C6-51843F1DA462}"
EndProject
Global
	GlobalSection(SolutionConfigurationPlatforms) = preSolution
		Debug|x64 = Debug|x64
		Debug|x86 = Debug|x86
		Release|x64 = Release|x64
		Release|x86 = Release|x86
	EndGlobalSection
	GlobalSection(ProjectConfigurationPlatforms) = postSolution
		{EA170948-96C9-4BDB-BCC7-E5EA5D1110EF}.Debug|x64.ActiveCfg = Debug|x64
		{EA170948-96C9-4BDB-BCC7-E5EA5D1110EF}.Debug|x64.Build.0 = Debug|x64
		{EA170948-96C9-4BDB-BCC7-E5EA5D1110EF}.Debug|x86.ActiveCfg = Debug|Win32
		{EA170948-96C9-4BDB-BCC7-E5EA5D1110EF}.Debug|x86.Build.0 = Debug|Win32
		{EA170948-96C9-4BDB-BCC7-E5EA5D1110EF}.Release|x64.ActiveCfg = Release|x64
		{EA170948-96C9-4BDB-BCC7-E5EA5D1110EF}.Release|x64.Build.0 = Release|x64
		{EA170948-96C9-4BDB-BCC7-E5EA5D1110EF}.Release|x86.ActiveCfg = Release|Win32
		{EA170948-96C9-4BDB-BCC7-E5EA5D1110EF}.Release|x86.Build.0 = Release|Win32
		{055208F7-925A-4526-AC35-5A780FC45DBE}.Debug|x64.ActiveCfg = Debug|x64
		{055208F7-925A-4526-AC35-5A780FC45DBE}.Debug|x64.Build.0 = Debug|x64
		{055208F7-925A-4526-AC35-5A780FC45DBE}.Debug|x86.ActiveCfg = Debug|Win32
		{055208F7-925A-4526-AC35-5A780FC45DBE}.Debug|x86.Build.0 = Debug|Win32
		{055208F7-925A-4526-AC35-5A780FC45DBE}.Release|x64.ActiveCfg = Release|x64
		{055208F7-925A-4526-AC35-5A780FC45DBE}.Release|x64.Build.0 = Release|x64
		{055208F7-925A-4526-AC35-5A780FC45DBE}.Release|x86.ActiveCfg = Release|Win32
		{055208F7-925A-4526-AC35-5A780FC45DBE}.Release|x86.Build.0 = Release|Win32
		{A2E1B095-7AF0-42C7-B8E1-B603F0433E64}.Debug|x64.ActiveCfg = Debug|x64
		{A2E1B095-7AF0-42C7-B8E1-B603F0433E64}.Debug|x64.Build.0 = Debug|x64
		{A2E1B095-7AF0-42C7-B8E1-B603F0433E64}.Debug|x86.ActiveCfg = Debug|Win32
		{A2E1B095-7AF0-42C7-B8E1-B603F0433E64}.Debug|x86.Build.0 = Debug|Win32
		{A2E1B095-7AF0-42C7-B8E1-B603F0433E64}.Release|x64.ActiveCfg = Release|x64
		{A2E1B095-7AF0-42C7-B8E1-B603F0433E64}.Release|x64.Build.0 = Release|x64
		{A2E1B095-7AF0-42C7-B8E1-B603F0433E64}.Release|x86.ActiveCfg = Release|Win32
		{A2E1B095-7AF0-42C7-B8E1-B603F0433E64}.Release|x86.Build.0 = Release|Win32
		{97B7D238-6472-41E3-87C6-51843F1DA462}.Debug|x64.ActiveCfg = Debug|x64
		{97B7D238-6472-41E3-87C6-51843F1DA462}.Debug|x64.Build.0 = Debug|x64
		{97B7D238-6472-41E3-87C6-51843F1DA462}.Debug|x86.ActiveCfg = Debug|Win32
		{97B7D238-6472-41E3-87C6-51843F1DA462}.Debug|x86.Build.0 = Debug|Win32
		{97B7D238-6472-41E3-87C6-51843F1DA462}.Release|x64.ActiveCfg = Release|x64
		{97B7D238-6472-41E3-87C6-51843F1DA462}.Release|x64.Build.0 = Release|x64
		{97B7D238-6472-41E3-87C6-51843F1DA462}.Release|x86.ActiveCfg = Release|Win32
		{97B7D238-6472-41E3-87C6-51843F1DA462}.Release|x86.Build.0 = Release|Win32
	EndGlobalSection
	GlobalSection(SolutionProperties) = preSolution
		HideSolutionNode = FALSE
	EndGlobalSection
	GlobalSection(ExtensibilityGlobals) = postSolution
		SolutionGuid = {F594F4AB-F004-43A9-9ACE-F6704241DBBB}
	EndGlobalSection
EndGlobal
